PODS:
  - Alamofire (3.0.0-beta.3)
  - Bolts (1.3.0):
    - Bolts/AppLinks (= 1.3.0)
    - Bolts/Tasks (= 1.3.0)
  - Bolts/AppLinks (1.3.0):
    - Bolts/Tasks
  - Bolts/Tasks (1.3.0)
  - FBSDKCoreKit (4.1.0):
    - Bolts (~> 1.1)
    - FBSDKCoreKit/arc (= 4.1.0)
    - FBSDKCoreKit/no-arc (= 4.1.0)
  - FBSDKCoreKit/arc (4.1.0):
    - Bolts (~> 1.1)
  - FBSDKCoreKit/no-arc (4.1.0):
    - Bolts (~> 1.1)
    - FBSDKCoreKit/arc
  - FBSDKLoginKit (4.1.0):
    - FBSDKCoreKit
  - p2.OAuth2 (2.0.1)
  - SwiftyJSON (2.3.0)

DEPENDENCIES:
  - Alamofire (~> 3.0.0-beta.3)
  - FBSDKCoreKit (= 4.1)
  - FBSDKLoginKit (= 4.1)
  - p2.OAuth2
  - SwiftyJSON (from `https://github.com/SwiftyJSON/SwiftyJSON.git`)

EXTERNAL SOURCES:
  SwiftyJSON:
    :git: https://github.com/SwiftyJSON/SwiftyJSON.git

CHECKOUT OPTIONS:
  SwiftyJSON:
    :commit: 3b5d0d4e0c19173b1bf0dc823bde25ad870f70c0
    :git: https://github.com/SwiftyJSON/SwiftyJSON.git

SPEC CHECKSUMS:
  Alamofire: c89149e58431f6f94527e8c01f920456afe39bd0
  Bolts: 805a4a87413e49d4a0c2b7d469084cbc46b09342
  FBSDKCoreKit: 469ed167195f860dbd2b4c4bbaa33d2e90598db9
  FBSDKLoginKit: ff6224762732e3698f30942e4544321b8c7a23e6
  p2.OAuth2: 6d4183a4dcec05cc6df3bab1110551854a116b9c
  SwiftyJSON: 8d6b61a70277ef2a5d710d372e06e7e2d87fb9e4

COCOAPODS: 0.38.2
