PODS:
  - Alamofire (3.0.1)
  - Bolts (1.4.0):
    - Bolts/AppLinks (= 1.4.0)
    - Bolts/Tasks (= 1.4.0)
  - Bolts/AppLinks (1.4.0):
    - Bolts/Tasks
  - Bolts/Tasks (1.4.0)
  - Dollar (4.0.1)
  - FBSDKCoreKit (4.1.0):
    - Bolts (~> 1.1)
    - FBSDKCoreKit/arc (= 4.1.0)
    - FBSDKCoreKit/no-arc (= 4.1.0)
  - FBSDKCoreKit/arc (4.1.0):
    - Bolts (~> 1.1)
  - FBSDKCoreKit/no-arc (4.1.0):
    - Bolts (~> 1.1)
    - FBSDKCoreKit/arc
  - FBSDKLoginKit (4.1.0):
    - FBSDKCoreKit
  - FBSDKShareKit (4.1.0):
    - FBSDKCoreKit
  - FLAnimatedImage (1.0.8)
  - Heap (2.2.0)
  - HockeySDK (3.8.4):
    - HockeySDK/AllFeaturesLib (= 3.8.4)
  - HockeySDK/AllFeaturesLib (3.8.4)
  - KeychainAccess (2.2.1)
  - KFSwiftImageLoader (2.0.1)
  - Nimble (2.0.0)
  - p2.OAuth2 (2.0.1)
  - Parse (1.9.1):
    - Bolts/Tasks (>= 1.4.0)
  - Quick (0.6.0)
  - Realm (0.96.2):
    - Realm/Headers (= 0.96.2)
  - Realm/Headers (0.96.2)
  - RealmSwift (0.96.2):
    - Realm (= 0.96.2)
  - Spring (1.0.3)
  - SwiftyJSON (2.3.1)
  - XCGLogger (3.0)

DEPENDENCIES:
  - Alamofire (~> 3.0.0-beta.3)
  - Dollar
  - FBSDKCoreKit (= 4.1.0)
  - FBSDKLoginKit (= 4.1.0)
  - FBSDKShareKit (= 4.1.0)
  - FLAnimatedImage (~> 1.0)
  - Heap
  - HockeySDK
  - KeychainAccess
  - KFSwiftImageLoader (~> 2.0)
  - Nimble (= 2.0.0)
  - p2.OAuth2
  - Parse
  - Quick
  - RealmSwift
  - Spring (from `https://github.com/MengTo/Spring.git`, branch `swift2`)
  - SwiftyJSON (from `https://github.com/SwiftyJSON/SwiftyJSON.git`)
  - XCGLogger

EXTERNAL SOURCES:
  Spring:
    :branch: swift2
    :git: https://github.com/MengTo/Spring.git
  SwiftyJSON:
    :git: https://github.com/SwiftyJSON/SwiftyJSON.git

CHECKOUT OPTIONS:
  Spring:
    :commit: 18d5c7b74489de8044e34767f856d1e574f0820e
    :git: https://github.com/MengTo/Spring.git
  SwiftyJSON:
    :commit: 5f5d00dbdcd256600a250765d9f674964080ceee
    :git: https://github.com/SwiftyJSON/SwiftyJSON.git

SPEC CHECKSUMS:
  Alamofire: 2457e1b2e6c46bb05c3a598c542b7bfd08893775
  Bolts: 0e9bce58b9b9f5e8a7a4d47b16d2fabec289072b
  Dollar: a058e2659e0d3261307c12630dbc2fd8e32f80bf
  FBSDKCoreKit: 469ed167195f860dbd2b4c4bbaa33d2e90598db9
  FBSDKLoginKit: ff6224762732e3698f30942e4544321b8c7a23e6
  FBSDKShareKit: 8002faf0c564ff3625eadd16e506b0b0fbf3adef
  FLAnimatedImage: f9422f796135aff80d8c00b2afc48015bb746e24
  Heap: 1f2735d88b2f39b2ddabd4cbeb7aa491aa737902
  HockeySDK: 464a9eb01c42718515629d8d1d406983e5f855dc
  KeychainAccess: 3b13c8264b5985dbaeaaf019a7941a912b5690c2
  KFSwiftImageLoader: a2b8a33a89116c767e7af8d2c109e8c483037b19
  Nimble: 472e75466819eb8c06299233e87c694a9b51328a
  p2.OAuth2: 6d4183a4dcec05cc6df3bab1110551854a116b9c
  Parse: 54a965c8c19a6dde90284ab654dbcc77ef8c001b
  Quick: 563686dbcf0ae0f9f7401ac9cd2d786ee1b7f3d7
  Realm: 3ce8448151c571e90b85002d984d7f93f54fc8a3
  RealmSwift: 485599fe54e35461c4a0daa7d01d8fbf11424873
  Spring: 3f02b5dc3308572ef177b3cad0fa7bbc4b0706f7
  SwiftyJSON: 592b53bee5ef3dd9b3bebc6b9cb7ee35426ae8c3
  XCGLogger: 5802533aff8bafc8b3b9776ab8972576f31d0a4e

COCOAPODS: 0.39.0
