// !$*UTF8*$!
{
	archiveVersion = 1;
	classes = {
	};
	objectVersion = 46;
	objects = {

/* Begin PBXBuildFile section */
		A73D663D1BBEE44000127245 /* Address.swift in Sources */ = {isa = PBXBuildFile; fileRef = A73D663C1BBEE44000127245 /* Address.swift */; settings = {ASSET_TAGS = (); }; };
		A73D663F1BBEE87400127245 /* AddressService.swift in Sources */ = {isa = PBXBuildFile; fileRef = A73D663E1BBEE87400127245 /* AddressService.swift */; settings = {ASSET_TAGS = (); }; };
		A73D66411BBF36A900127245 /* AddressPinView.swift in Sources */ = {isa = PBXBuildFile; fileRef = A73D66401BBF36A900127245 /* AddressPinView.swift */; settings = {ASSET_TAGS = (); }; };
		A73D66431BBF373600127245 /* AddressPointAnnotation.swift in Sources */ = {isa = PBXBuildFile; fileRef = A73D66421BBF373600127245 /* AddressPointAnnotation.swift */; settings = {ASSET_TAGS = (); }; };
		A74FCE941BBB081C005C4D34 /* HTTP.swift in Sources */ = {isa = PBXBuildFile; fileRef = A74FCE931BBB081C005C4D34 /* HTTP.swift */; settings = {ASSET_TAGS = (); }; };
		A74FCE961BBB0A7C005C4D34 /* Session.swift in Sources */ = {isa = PBXBuildFile; fileRef = A74FCE951BBB0A7C005C4D34 /* Session.swift */; settings = {ASSET_TAGS = (); }; };
		A74FCE9C1BBB3933005C4D34 /* UserService.swift in Sources */ = {isa = PBXBuildFile; fileRef = A74FCE9B1BBB3933005C4D34 /* UserService.swift */; settings = {ASSET_TAGS = (); }; };
		A74FCE9E1BBB3BFB005C4D34 /* API.swift in Sources */ = {isa = PBXBuildFile; fileRef = A74FCE9D1BBB3BFB005C4D34 /* API.swift */; settings = {ASSET_TAGS = (); }; };
		A750EA6D1BB9E73000D090F5 /* SignupViewController.swift in Sources */ = {isa = PBXBuildFile; fileRef = A750EA6C1BB9E73000D090F5 /* SignupViewController.swift */; settings = {ASSET_TAGS = (); }; };
		A750EA6F1BB9FC1400D090F5 /* OnboardingViewController.swift in Sources */ = {isa = PBXBuildFile; fileRef = A750EA6E1BB9FC1400D090F5 /* OnboardingViewController.swift */; settings = {ASSET_TAGS = (); }; };
		A76890321BC8680E008F394C /* PersonTableViewCell.swift in Sources */ = {isa = PBXBuildFile; fileRef = A76890311BC8680E008F394C /* PersonTableViewCell.swift */; settings = {ASSET_TAGS = (); }; };
		A76890341BC86AD0008F394C /* Assets.xcassets in Resources */ = {isa = PBXBuildFile; fileRef = A76890331BC86AD0008F394C /* Assets.xcassets */; settings = {ASSET_TAGS = (); }; };
		A76890361BC86DD9008F394C /* ConversationTableHeaderView.swift in Sources */ = {isa = PBXBuildFile; fileRef = A76890351BC86DD9008F394C /* ConversationTableHeaderView.swift */; settings = {ASSET_TAGS = (); }; };
		A76890381BC8732D008F394C /* Person.swift in Sources */ = {isa = PBXBuildFile; fileRef = A76890371BC8732D008F394C /* Person.swift */; settings = {ASSET_TAGS = (); }; };
		A768903C1BC87FAD008F394C /* AddPersonTableViewController.swift in Sources */ = {isa = PBXBuildFile; fileRef = A768903B1BC87FAD008F394C /* AddPersonTableViewController.swift */; settings = {ASSET_TAGS = (); }; };
		A768903E1BC88527008F394C /* AddPersonViewController.swift in Sources */ = {isa = PBXBuildFile; fileRef = A768903D1BC88527008F394C /* AddPersonViewController.swift */; settings = {ASSET_TAGS = (); }; };
		A768C1F11BBCA62200DBDFEA /* CanvasViewController.swift in Sources */ = {isa = PBXBuildFile; fileRef = A768C1F01BBCA62200DBDFEA /* CanvasViewController.swift */; settings = {ASSET_TAGS = (); }; };
		A768C1F31BBCA9B000DBDFEA /* TabBar.swift in Sources */ = {isa = PBXBuildFile; fileRef = A768C1F21BBCA9B000DBDFEA /* TabBar.swift */; settings = {ASSET_TAGS = (); }; };
		A768C1F61BBD18AF00DBDFEA /* KeychainWrapper.m in Sources */ = {isa = PBXBuildFile; fileRef = A768C1F51BBD18AF00DBDFEA /* KeychainWrapper.m */; settings = {ASSET_TAGS = (); }; };
		A768C1F81BBD21C800DBDFEA /* ProfileViewController.swift in Sources */ = {isa = PBXBuildFile; fileRef = A768C1F71BBD21C800DBDFEA /* ProfileViewController.swift */; settings = {ASSET_TAGS = (); }; };
		A76ABA371BBB910E007FA40B /* PaddedTextField.swift in Sources */ = {isa = PBXBuildFile; fileRef = A76ABA361BBB910E007FA40B /* PaddedTextField.swift */; settings = {ASSET_TAGS = (); }; };
		A76ABA3E1BBC8E92007FA40B /* TabBarViewController.swift in Sources */ = {isa = PBXBuildFile; fileRef = A76ABA3D1BBC8E92007FA40B /* TabBarViewController.swift */; settings = {ASSET_TAGS = (); }; };
		A76ABA401BBC913A007FA40B /* Color.swift in Sources */ = {isa = PBXBuildFile; fileRef = A76ABA3F1BBC913A007FA40B /* Color.swift */; settings = {ASSET_TAGS = (); }; };
		A76ABA421BBC93C3007FA40B /* UIImage+Overlay.swift in Sources */ = {isa = PBXBuildFile; fileRef = A76ABA411BBC93C3007FA40B /* UIImage+Overlay.swift */; settings = {ASSET_TAGS = (); }; };
		A76ABA441BBC9B7F007FA40B /* UIImage+Color.swift in Sources */ = {isa = PBXBuildFile; fileRef = A76ABA431BBC9B7F007FA40B /* UIImage+Color.swift */; settings = {ASSET_TAGS = (); }; };
		A775B9E81BC05A3900510924 /* CanvasViewController.swift in Sources */ = {isa = PBXBuildFile; fileRef = A768C1F01BBCA62200DBDFEA /* CanvasViewController.swift */; settings = {ASSET_TAGS = (); }; };
		A775B9EC1BC0692100510924 /* MKMapView.swift in Sources */ = {isa = PBXBuildFile; fileRef = A775B9EB1BC0692100510924 /* MKMapView.swift */; settings = {ASSET_TAGS = (); }; };
		A775B9EE1BC077E400510924 /* APIURL.swift in Sources */ = {isa = PBXBuildFile; fileRef = A775B9ED1BC077E400510924 /* APIURL.swift */; settings = {ASSET_TAGS = (); }; };
		A775B9F01BC0967D00510924 /* NSDate.swift in Sources */ = {isa = PBXBuildFile; fileRef = A775B9EF1BC0967D00510924 /* NSDate.swift */; settings = {ASSET_TAGS = (); }; };
		A775B9F21BC1CBCC00510924 /* AddAddressTableViewController.swift in Sources */ = {isa = PBXBuildFile; fileRef = A775B9F11BC1CBCC00510924 /* AddAddressTableViewController.swift */; settings = {ASSET_TAGS = (); }; };
		A775B9F41BC1D4B000510924 /* AddAddressContainerViewController.swift in Sources */ = {isa = PBXBuildFile; fileRef = A775B9F31BC1D4B000510924 /* AddAddressContainerViewController.swift */; settings = {ASSET_TAGS = (); }; };
		A775B9F61BC1DA8200510924 /* AddAddressNavigationController.swift in Sources */ = {isa = PBXBuildFile; fileRef = A775B9F51BC1DA8200510924 /* AddAddressNavigationController.swift */; settings = {ASSET_TAGS = (); }; };
		A775B9F81BC2F8A600510924 /* ConversationTimerViewController.swift in Sources */ = {isa = PBXBuildFile; fileRef = A775B9F71BC2F8A600510924 /* ConversationTimerViewController.swift */; settings = {ASSET_TAGS = (); }; };
		A775B9FA1BC3135800510924 /* ConversationTableViewController.swift in Sources */ = {isa = PBXBuildFile; fileRef = A775B9F91BC3135800510924 /* ConversationTableViewController.swift */; settings = {ASSET_TAGS = (); }; };
		A780A4D41BC863440090B979 /* BlueTableViewCell.swift in Sources */ = {isa = PBXBuildFile; fileRef = A780A4D31BC863440090B979 /* BlueTableViewCell.swift */; settings = {ASSET_TAGS = (); }; };
		A7A579501BB092E100D8885E /* AppDelegate.swift in Sources */ = {isa = PBXBuildFile; fileRef = A7A5794F1BB092E100D8885E /* AppDelegate.swift */; };
		A7A579551BB092E100D8885E /* Main.storyboard in Resources */ = {isa = PBXBuildFile; fileRef = A7A579531BB092E100D8885E /* Main.storyboard */; };
		A7A5795A1BB092E100D8885E /* LaunchScreen.storyboard in Resources */ = {isa = PBXBuildFile; fileRef = A7A579581BB092E100D8885E /* LaunchScreen.storyboard */; };
		A7A579651BB092E100D8885E /* GroundGameTests.swift in Sources */ = {isa = PBXBuildFile; fileRef = A7A579641BB092E100D8885E /* GroundGameTests.swift */; };
		A7A579701BB092E100D8885E /* GroundGameUITests.swift in Sources */ = {isa = PBXBuildFile; fileRef = A7A5796F1BB092E100D8885E /* GroundGameUITests.swift */; };
		A7A5797E1BB20E5200D8885E /* PageContentViewController.swift in Sources */ = {isa = PBXBuildFile; fileRef = A7A5797D1BB20E5200D8885E /* PageContentViewController.swift */; settings = {ASSET_TAGS = (); }; };
		A7A579811BB2105E00D8885E /* Lato-Heavy.ttf in Resources */ = {isa = PBXBuildFile; fileRef = A7A5797F1BB2105E00D8885E /* Lato-Heavy.ttf */; settings = {ASSET_TAGS = (); }; };
		A7A579821BB2105E00D8885E /* Lato-Medium.ttf in Resources */ = {isa = PBXBuildFile; fileRef = A7A579801BB2105E00D8885E /* Lato-Medium.ttf */; settings = {ASSET_TAGS = (); }; };
		A7A579841BB211F500D8885E /* PageViewController.swift in Sources */ = {isa = PBXBuildFile; fileRef = A7A579831BB211F500D8885E /* PageViewController.swift */; settings = {ASSET_TAGS = (); }; };
		A7CC4E3F1BC35B410086831C /* Primaries.plist in Resources */ = {isa = PBXBuildFile; fileRef = A7CC4E3E1BC35B410086831C /* Primaries.plist */; settings = {ASSET_TAGS = (); }; };
		A7CC4E411BC364FE0086831C /* State.swift in Sources */ = {isa = PBXBuildFile; fileRef = A7CC4E401BC364FE0086831C /* State.swift */; settings = {ASSET_TAGS = (); }; };
		A7D12D321BC99FC5005EB417 /* CanvasResponse.swift in Sources */ = {isa = PBXBuildFile; fileRef = A7D12D311BC99FC4005EB417 /* CanvasResponse.swift */; settings = {ASSET_TAGS = (); }; };
		A9040382566C74E41AE064FF /* Pods.framework in Frameworks */ = {isa = PBXBuildFile; fileRef = 4ECA9EF8BB9F8F1DF72DE8C6 /* Pods.framework */; settings = {ATTRIBUTES = (Weak, ); }; };
/* End PBXBuildFile section */

/* Begin PBXContainerItemProxy section */
		A7A579611BB092E100D8885E /* PBXContainerItemProxy */ = {
			isa = PBXContainerItemProxy;
			containerPortal = A7A579441BB092E100D8885E /* Project object */;
			proxyType = 1;
			remoteGlobalIDString = A7A5794B1BB092E100D8885E;
			remoteInfo = GroundGame;
		};
		A7A5796C1BB092E100D8885E /* PBXContainerItemProxy */ = {
			isa = PBXContainerItemProxy;
			containerPortal = A7A579441BB092E100D8885E /* Project object */;
			proxyType = 1;
			remoteGlobalIDString = A7A5794B1BB092E100D8885E;
			remoteInfo = GroundGame;
		};
/* End PBXContainerItemProxy section */

/* Begin PBXFileReference section */
		4ECA9EF8BB9F8F1DF72DE8C6 /* Pods.framework */ = {isa = PBXFileReference; explicitFileType = wrapper.framework; includeInIndex = 0; path = Pods.framework; sourceTree = BUILT_PRODUCTS_DIR; };
		50A2B029A7D297BFA4B3C786 /* Pods.release.xcconfig */ = {isa = PBXFileReference; includeInIndex = 1; lastKnownFileType = text.xcconfig; name = Pods.release.xcconfig; path = "Pods/Target Support Files/Pods/Pods.release.xcconfig"; sourceTree = "<group>"; };
		A73D663C1BBEE44000127245 /* Address.swift */ = {isa = PBXFileReference; fileEncoding = 4; lastKnownFileType = sourcecode.swift; path = Address.swift; sourceTree = "<group>"; };
		A73D663E1BBEE87400127245 /* AddressService.swift */ = {isa = PBXFileReference; fileEncoding = 4; lastKnownFileType = sourcecode.swift; path = AddressService.swift; sourceTree = "<group>"; };
		A73D66401BBF36A900127245 /* AddressPinView.swift */ = {isa = PBXFileReference; fileEncoding = 4; lastKnownFileType = sourcecode.swift; path = AddressPinView.swift; sourceTree = "<group>"; };
		A73D66421BBF373600127245 /* AddressPointAnnotation.swift */ = {isa = PBXFileReference; fileEncoding = 4; lastKnownFileType = sourcecode.swift; path = AddressPointAnnotation.swift; sourceTree = "<group>"; };
		A74FCE931BBB081C005C4D34 /* HTTP.swift */ = {isa = PBXFileReference; fileEncoding = 4; lastKnownFileType = sourcecode.swift; path = HTTP.swift; sourceTree = "<group>"; };
		A74FCE951BBB0A7C005C4D34 /* Session.swift */ = {isa = PBXFileReference; fileEncoding = 4; lastKnownFileType = sourcecode.swift; path = Session.swift; sourceTree = "<group>"; };
		A74FCE9B1BBB3933005C4D34 /* UserService.swift */ = {isa = PBXFileReference; fileEncoding = 4; lastKnownFileType = sourcecode.swift; path = UserService.swift; sourceTree = "<group>"; };
		A74FCE9D1BBB3BFB005C4D34 /* API.swift */ = {isa = PBXFileReference; fileEncoding = 4; lastKnownFileType = sourcecode.swift; path = API.swift; sourceTree = "<group>"; };
		A750EA6C1BB9E73000D090F5 /* SignupViewController.swift */ = {isa = PBXFileReference; fileEncoding = 4; lastKnownFileType = sourcecode.swift; name = SignupViewController.swift; path = ../SignupViewController.swift; sourceTree = "<group>"; };
		A750EA6E1BB9FC1400D090F5 /* OnboardingViewController.swift */ = {isa = PBXFileReference; fileEncoding = 4; lastKnownFileType = sourcecode.swift; name = OnboardingViewController.swift; path = ../OnboardingViewController.swift; sourceTree = "<group>"; };
		A76890311BC8680E008F394C /* PersonTableViewCell.swift */ = {isa = PBXFileReference; fileEncoding = 4; lastKnownFileType = sourcecode.swift; path = PersonTableViewCell.swift; sourceTree = "<group>"; };
		A76890331BC86AD0008F394C /* Assets.xcassets */ = {isa = PBXFileReference; lastKnownFileType = folder.assetcatalog; path = Assets.xcassets; sourceTree = "<group>"; };
		A76890351BC86DD9008F394C /* ConversationTableHeaderView.swift */ = {isa = PBXFileReference; fileEncoding = 4; lastKnownFileType = sourcecode.swift; path = ConversationTableHeaderView.swift; sourceTree = "<group>"; };
		A76890371BC8732D008F394C /* Person.swift */ = {isa = PBXFileReference; fileEncoding = 4; lastKnownFileType = sourcecode.swift; path = Person.swift; sourceTree = "<group>"; };
		A768903B1BC87FAD008F394C /* AddPersonTableViewController.swift */ = {isa = PBXFileReference; fileEncoding = 4; lastKnownFileType = sourcecode.swift; path = AddPersonTableViewController.swift; sourceTree = "<group>"; };
		A768903D1BC88527008F394C /* AddPersonViewController.swift */ = {isa = PBXFileReference; fileEncoding = 4; lastKnownFileType = sourcecode.swift; path = AddPersonViewController.swift; sourceTree = "<group>"; };
		A768C1F01BBCA62200DBDFEA /* CanvasViewController.swift */ = {isa = PBXFileReference; fileEncoding = 4; lastKnownFileType = sourcecode.swift; path = CanvasViewController.swift; sourceTree = "<group>"; };
		A768C1F21BBCA9B000DBDFEA /* TabBar.swift */ = {isa = PBXFileReference; fileEncoding = 4; lastKnownFileType = sourcecode.swift; path = TabBar.swift; sourceTree = "<group>"; };
		A768C1F41BBD18AF00DBDFEA /* KeychainWrapper.h */ = {isa = PBXFileReference; fileEncoding = 4; lastKnownFileType = sourcecode.c.h; path = KeychainWrapper.h; sourceTree = "<group>"; };
		A768C1F51BBD18AF00DBDFEA /* KeychainWrapper.m */ = {isa = PBXFileReference; fileEncoding = 4; lastKnownFileType = sourcecode.c.objc; path = KeychainWrapper.m; sourceTree = "<group>"; };
		A768C1F71BBD21C800DBDFEA /* ProfileViewController.swift */ = {isa = PBXFileReference; fileEncoding = 4; lastKnownFileType = sourcecode.swift; path = ProfileViewController.swift; sourceTree = "<group>"; };
		A76ABA361BBB910E007FA40B /* PaddedTextField.swift */ = {isa = PBXFileReference; fileEncoding = 4; lastKnownFileType = sourcecode.swift; path = PaddedTextField.swift; sourceTree = "<group>"; };
		A76ABA381BBC44EE007FA40B /* FBSDKBridgingHeader.h */ = {isa = PBXFileReference; lastKnownFileType = sourcecode.c.h; path = FBSDKBridgingHeader.h; sourceTree = "<group>"; };
		A76ABA3D1BBC8E92007FA40B /* TabBarViewController.swift */ = {isa = PBXFileReference; fileEncoding = 4; lastKnownFileType = sourcecode.swift; path = TabBarViewController.swift; sourceTree = "<group>"; };
		A76ABA3F1BBC913A007FA40B /* Color.swift */ = {isa = PBXFileReference; fileEncoding = 4; lastKnownFileType = sourcecode.swift; path = Color.swift; sourceTree = "<group>"; };
		A76ABA411BBC93C3007FA40B /* UIImage+Overlay.swift */ = {isa = PBXFileReference; fileEncoding = 4; lastKnownFileType = sourcecode.swift; path = "UIImage+Overlay.swift"; sourceTree = "<group>"; };
		A76ABA431BBC9B7F007FA40B /* UIImage+Color.swift */ = {isa = PBXFileReference; fileEncoding = 4; lastKnownFileType = sourcecode.swift; path = "UIImage+Color.swift"; sourceTree = "<group>"; };
		A775B9EB1BC0692100510924 /* MKMapView.swift */ = {isa = PBXFileReference; fileEncoding = 4; lastKnownFileType = sourcecode.swift; path = MKMapView.swift; sourceTree = "<group>"; };
		A775B9ED1BC077E400510924 /* APIURL.swift */ = {isa = PBXFileReference; fileEncoding = 4; lastKnownFileType = sourcecode.swift; path = APIURL.swift; sourceTree = "<group>"; };
		A775B9EF1BC0967D00510924 /* NSDate.swift */ = {isa = PBXFileReference; fileEncoding = 4; lastKnownFileType = sourcecode.swift; path = NSDate.swift; sourceTree = "<group>"; };
		A775B9F11BC1CBCC00510924 /* AddAddressTableViewController.swift */ = {isa = PBXFileReference; fileEncoding = 4; lastKnownFileType = sourcecode.swift; path = AddAddressTableViewController.swift; sourceTree = "<group>"; };
		A775B9F31BC1D4B000510924 /* AddAddressContainerViewController.swift */ = {isa = PBXFileReference; fileEncoding = 4; lastKnownFileType = sourcecode.swift; path = AddAddressContainerViewController.swift; sourceTree = "<group>"; };
		A775B9F51BC1DA8200510924 /* AddAddressNavigationController.swift */ = {isa = PBXFileReference; fileEncoding = 4; lastKnownFileType = sourcecode.swift; path = AddAddressNavigationController.swift; sourceTree = "<group>"; };
		A775B9F71BC2F8A600510924 /* ConversationTimerViewController.swift */ = {isa = PBXFileReference; fileEncoding = 4; lastKnownFileType = sourcecode.swift; path = ConversationTimerViewController.swift; sourceTree = "<group>"; };
		A775B9F91BC3135800510924 /* ConversationTableViewController.swift */ = {isa = PBXFileReference; fileEncoding = 4; lastKnownFileType = sourcecode.swift; path = ConversationTableViewController.swift; sourceTree = "<group>"; };
		A780A4D31BC863440090B979 /* BlueTableViewCell.swift */ = {isa = PBXFileReference; fileEncoding = 4; lastKnownFileType = sourcecode.swift; path = BlueTableViewCell.swift; sourceTree = "<group>"; };
		A7A5794C1BB092E100D8885E /* GroundGame.app */ = {isa = PBXFileReference; explicitFileType = wrapper.application; includeInIndex = 0; path = GroundGame.app; sourceTree = BUILT_PRODUCTS_DIR; };
		A7A5794F1BB092E100D8885E /* AppDelegate.swift */ = {isa = PBXFileReference; lastKnownFileType = sourcecode.swift; path = AppDelegate.swift; sourceTree = "<group>"; };
		A7A579541BB092E100D8885E /* Base */ = {isa = PBXFileReference; lastKnownFileType = file.storyboard; name = Base; path = Base.lproj/Main.storyboard; sourceTree = "<group>"; };
		A7A579591BB092E100D8885E /* Base */ = {isa = PBXFileReference; lastKnownFileType = file.storyboard; name = Base; path = Base.lproj/LaunchScreen.storyboard; sourceTree = "<group>"; };
		A7A5795B1BB092E100D8885E /* Info.plist */ = {isa = PBXFileReference; lastKnownFileType = text.plist.xml; path = Info.plist; sourceTree = "<group>"; };
		A7A579601BB092E100D8885E /* GroundGameTests.xctest */ = {isa = PBXFileReference; explicitFileType = wrapper.cfbundle; includeInIndex = 0; path = GroundGameTests.xctest; sourceTree = BUILT_PRODUCTS_DIR; };
		A7A579641BB092E100D8885E /* GroundGameTests.swift */ = {isa = PBXFileReference; lastKnownFileType = sourcecode.swift; path = GroundGameTests.swift; sourceTree = "<group>"; };
		A7A579661BB092E100D8885E /* Info.plist */ = {isa = PBXFileReference; lastKnownFileType = text.plist.xml; path = Info.plist; sourceTree = "<group>"; };
		A7A5796B1BB092E100D8885E /* GroundGameUITests.xctest */ = {isa = PBXFileReference; explicitFileType = wrapper.cfbundle; includeInIndex = 0; path = GroundGameUITests.xctest; sourceTree = BUILT_PRODUCTS_DIR; };
		A7A5796F1BB092E100D8885E /* GroundGameUITests.swift */ = {isa = PBXFileReference; lastKnownFileType = sourcecode.swift; path = GroundGameUITests.swift; sourceTree = "<group>"; };
		A7A579711BB092E100D8885E /* Info.plist */ = {isa = PBXFileReference; lastKnownFileType = text.plist.xml; path = Info.plist; sourceTree = "<group>"; };
		A7A5797D1BB20E5200D8885E /* PageContentViewController.swift */ = {isa = PBXFileReference; fileEncoding = 4; lastKnownFileType = sourcecode.swift; path = PageContentViewController.swift; sourceTree = "<group>"; };
		A7A5797F1BB2105E00D8885E /* Lato-Heavy.ttf */ = {isa = PBXFileReference; lastKnownFileType = file; name = "Lato-Heavy.ttf"; path = "../../../Downloads/lato/Lato-Heavy.ttf"; sourceTree = "<group>"; };
		A7A579801BB2105E00D8885E /* Lato-Medium.ttf */ = {isa = PBXFileReference; lastKnownFileType = file; name = "Lato-Medium.ttf"; path = "../../../Downloads/lato/Lato-Medium.ttf"; sourceTree = "<group>"; };
		A7A579831BB211F500D8885E /* PageViewController.swift */ = {isa = PBXFileReference; fileEncoding = 4; lastKnownFileType = sourcecode.swift; path = PageViewController.swift; sourceTree = "<group>"; };
		A7CC4E3E1BC35B410086831C /* Primaries.plist */ = {isa = PBXFileReference; fileEncoding = 4; lastKnownFileType = text.plist.xml; path = Primaries.plist; sourceTree = "<group>"; };
		A7CC4E401BC364FE0086831C /* State.swift */ = {isa = PBXFileReference; fileEncoding = 4; lastKnownFileType = sourcecode.swift; path = State.swift; sourceTree = "<group>"; };
		A7D12D311BC99FC4005EB417 /* CanvasResponse.swift */ = {isa = PBXFileReference; fileEncoding = 4; lastKnownFileType = sourcecode.swift; path = CanvasResponse.swift; sourceTree = "<group>"; };
		B8F6BB2A414EA7D57834A66E /* Pods.debug.xcconfig */ = {isa = PBXFileReference; includeInIndex = 1; lastKnownFileType = text.xcconfig; name = Pods.debug.xcconfig; path = "Pods/Target Support Files/Pods/Pods.debug.xcconfig"; sourceTree = "<group>"; };
/* End PBXFileReference section */

/* Begin PBXFrameworksBuildPhase section */
		A7A579491BB092E100D8885E /* Frameworks */ = {
			isa = PBXFrameworksBuildPhase;
			buildActionMask = 2147483647;
			files = (
				A9040382566C74E41AE064FF /* Pods.framework in Frameworks */,
			);
			runOnlyForDeploymentPostprocessing = 0;
		};
		A7A5795D1BB092E100D8885E /* Frameworks */ = {
			isa = PBXFrameworksBuildPhase;
			buildActionMask = 2147483647;
			files = (
			);
			runOnlyForDeploymentPostprocessing = 0;
		};
		A7A579681BB092E100D8885E /* Frameworks */ = {
			isa = PBXFrameworksBuildPhase;
			buildActionMask = 2147483647;
			files = (
			);
			runOnlyForDeploymentPostprocessing = 0;
		};
/* End PBXFrameworksBuildPhase section */

/* Begin PBXGroup section */
		30F76A0B0ACC05C453BE70FF /* Frameworks */ = {
			isa = PBXGroup;
			children = (
				4ECA9EF8BB9F8F1DF72DE8C6 /* Pods.framework */,
			);
			name = Frameworks;
			sourceTree = "<group>";
		};
		A5315A268882C6EDDEBA8834 /* Pods */ = {
			isa = PBXGroup;
			children = (
				B8F6BB2A414EA7D57834A66E /* Pods.debug.xcconfig */,
				50A2B029A7D297BFA4B3C786 /* Pods.release.xcconfig */,
			);
			name = Pods;
			sourceTree = "<group>";
		};
		A73D66441BBF3EF900127245 /* Extensions */ = {
			isa = PBXGroup;
			children = (
				A775B9EB1BC0692100510924 /* MKMapView.swift */,
				A775B9EF1BC0967D00510924 /* NSDate.swift */,
				A76ABA431BBC9B7F007FA40B /* UIImage+Color.swift */,
				A76ABA411BBC93C3007FA40B /* UIImage+Overlay.swift */,
			);
			name = Extensions;
			sourceTree = "<group>";
		};
		A74FCE971BBB376A005C4D34 /* Models */ = {
			isa = PBXGroup;
			children = (
				A73D663C1BBEE44000127245 /* Address.swift */,
				A73D66421BBF373600127245 /* AddressPointAnnotation.swift */,
				A73D663E1BBEE87400127245 /* AddressService.swift */,
				A74FCE9D1BBB3BFB005C4D34 /* API.swift */,
				A775B9ED1BC077E400510924 /* APIURL.swift */,
				A76ABA3F1BBC913A007FA40B /* Color.swift */,
				A74FCE931BBB081C005C4D34 /* HTTP.swift */,
				A74FCE951BBB0A7C005C4D34 /* Session.swift */,
				A74FCE9B1BBB3933005C4D34 /* UserService.swift */,
				A7CC4E401BC364FE0086831C /* State.swift */,
				A76890371BC8732D008F394C /* Person.swift */,
				A7D12D311BC99FC4005EB417 /* CanvasResponse.swift */,
			);
			name = Models;
			sourceTree = "<group>";
		};
		A74FCE981BBB377E005C4D34 /* Views */ = {
			isa = PBXGroup;
			children = (
				A7A579531BB092E100D8885E /* Main.storyboard */,
				A7A579581BB092E100D8885E /* LaunchScreen.storyboard */,
				A76ABA361BBB910E007FA40B /* PaddedTextField.swift */,
				A768C1F21BBCA9B000DBDFEA /* TabBar.swift */,
				A73D66401BBF36A900127245 /* AddressPinView.swift */,
				A780A4D31BC863440090B979 /* BlueTableViewCell.swift */,
				A76890311BC8680E008F394C /* PersonTableViewCell.swift */,
				A76890351BC86DD9008F394C /* ConversationTableHeaderView.swift */,
			);
			name = Views;
			sourceTree = "<group>";
		};
		A74FCE991BBB3788005C4D34 /* Supporting Files */ = {
			isa = PBXGroup;
			children = (
				A7CC4E3E1BC35B410086831C /* Primaries.plist */,
				A768C1F41BBD18AF00DBDFEA /* KeychainWrapper.h */,
				A768C1F51BBD18AF00DBDFEA /* KeychainWrapper.m */,
				A7A579801BB2105E00D8885E /* Lato-Medium.ttf */,
				A7A5797F1BB2105E00D8885E /* Lato-Heavy.ttf */,
				A7A5794F1BB092E100D8885E /* AppDelegate.swift */,
				A7A5795B1BB092E100D8885E /* Info.plist */,
				A76ABA381BBC44EE007FA40B /* FBSDKBridgingHeader.h */,
				A76890331BC86AD0008F394C /* Assets.xcassets */,
			);
			name = "Supporting Files";
			sourceTree = "<group>";
		};
		A74FCE9A1BBB37A9005C4D34 /* Controllers */ = {
			isa = PBXGroup;
			children = (
				A775B9F31BC1D4B000510924 /* AddAddressContainerViewController.swift */,
				A775B9F51BC1DA8200510924 /* AddAddressNavigationController.swift */,
				A775B9F11BC1CBCC00510924 /* AddAddressTableViewController.swift */,
				A768C1F01BBCA62200DBDFEA /* CanvasViewController.swift */,
				A775B9F71BC2F8A600510924 /* ConversationTimerViewController.swift */,
				A775B9F91BC3135800510924 /* ConversationTableViewController.swift */,
				A750EA6E1BB9FC1400D090F5 /* OnboardingViewController.swift */,
				A7A5797D1BB20E5200D8885E /* PageContentViewController.swift */,
				A7A579831BB211F500D8885E /* PageViewController.swift */,
				A768C1F71BBD21C800DBDFEA /* ProfileViewController.swift */,
				A750EA6C1BB9E73000D090F5 /* SignupViewController.swift */,
				A76ABA3D1BBC8E92007FA40B /* TabBarViewController.swift */,
				A768903B1BC87FAD008F394C /* AddPersonTableViewController.swift */,
				A768903D1BC88527008F394C /* AddPersonViewController.swift */,
			);
			name = Controllers;
			sourceTree = "<group>";
		};
		A7A579431BB092E100D8885E = {
			isa = PBXGroup;
			children = (
				A7A5794E1BB092E100D8885E /* GroundGame */,
				A7A579631BB092E100D8885E /* GroundGameTests */,
				A7A5796E1BB092E100D8885E /* GroundGameUITests */,
				A7A5794D1BB092E100D8885E /* Products */,
				A5315A268882C6EDDEBA8834 /* Pods */,
				30F76A0B0ACC05C453BE70FF /* Frameworks */,
			);
			sourceTree = "<group>";
		};
		A7A5794D1BB092E100D8885E /* Products */ = {
			isa = PBXGroup;
			children = (
				A7A5794C1BB092E100D8885E /* GroundGame.app */,
				A7A579601BB092E100D8885E /* GroundGameTests.xctest */,
				A7A5796B1BB092E100D8885E /* GroundGameUITests.xctest */,
			);
			name = Products;
			sourceTree = "<group>";
		};
		A7A5794E1BB092E100D8885E /* GroundGame */ = {
			isa = PBXGroup;
			children = (
				A73D66441BBF3EF900127245 /* Extensions */,
				A74FCE971BBB376A005C4D34 /* Models */,
				A74FCE9A1BBB37A9005C4D34 /* Controllers */,
				A74FCE981BBB377E005C4D34 /* Views */,
				A74FCE991BBB3788005C4D34 /* Supporting Files */,
			);
			path = GroundGame;
			sourceTree = "<group>";
		};
		A7A579631BB092E100D8885E /* GroundGameTests */ = {
			isa = PBXGroup;
			children = (
				A7A579641BB092E100D8885E /* GroundGameTests.swift */,
				A7A579661BB092E100D8885E /* Info.plist */,
			);
			path = GroundGameTests;
			sourceTree = "<group>";
		};
		A7A5796E1BB092E100D8885E /* GroundGameUITests */ = {
			isa = PBXGroup;
			children = (
				A7A5796F1BB092E100D8885E /* GroundGameUITests.swift */,
				A7A579711BB092E100D8885E /* Info.plist */,
			);
			path = GroundGameUITests;
			sourceTree = "<group>";
		};
/* End PBXGroup section */

/* Begin PBXNativeTarget section */
		A7A5794B1BB092E100D8885E /* GroundGame */ = {
			isa = PBXNativeTarget;
			buildConfigurationList = A7A579741BB092E100D8885E /* Build configuration list for PBXNativeTarget "GroundGame" */;
			buildPhases = (
				10139E6C0B2CDCFDBC6C1823 /* Check Pods Manifest.lock */,
				A7A579481BB092E100D8885E /* Sources */,
				A7A579491BB092E100D8885E /* Frameworks */,
				A7A5794A1BB092E100D8885E /* Resources */,
				763ABEC8DF2BA228CB194899 /* Embed Pods Frameworks */,
				E57C11B2C7F5767650378D3E /* Copy Pods Resources */,
			);
			buildRules = (
			);
			dependencies = (
			);
			name = GroundGame;
			productName = GroundGame;
			productReference = A7A5794C1BB092E100D8885E /* GroundGame.app */;
			productType = "com.apple.product-type.application";
		};
		A7A5795F1BB092E100D8885E /* GroundGameTests */ = {
			isa = PBXNativeTarget;
			buildConfigurationList = A7A579771BB092E100D8885E /* Build configuration list for PBXNativeTarget "GroundGameTests" */;
			buildPhases = (
				A7A5795C1BB092E100D8885E /* Sources */,
				A7A5795D1BB092E100D8885E /* Frameworks */,
				A7A5795E1BB092E100D8885E /* Resources */,
			);
			buildRules = (
			);
			dependencies = (
				A7A579621BB092E100D8885E /* PBXTargetDependency */,
			);
			name = GroundGameTests;
			productName = GroundGameTests;
			productReference = A7A579601BB092E100D8885E /* GroundGameTests.xctest */;
			productType = "com.apple.product-type.bundle.unit-test";
		};
		A7A5796A1BB092E100D8885E /* GroundGameUITests */ = {
			isa = PBXNativeTarget;
			buildConfigurationList = A7A5797A1BB092E100D8885E /* Build configuration list for PBXNativeTarget "GroundGameUITests" */;
			buildPhases = (
				A7A579671BB092E100D8885E /* Sources */,
				A7A579681BB092E100D8885E /* Frameworks */,
				A7A579691BB092E100D8885E /* Resources */,
			);
			buildRules = (
			);
			dependencies = (
				A7A5796D1BB092E100D8885E /* PBXTargetDependency */,
			);
			name = GroundGameUITests;
			productName = GroundGameUITests;
			productReference = A7A5796B1BB092E100D8885E /* GroundGameUITests.xctest */;
			productType = "com.apple.product-type.bundle.ui-testing";
		};
/* End PBXNativeTarget section */

/* Begin PBXProject section */
		A7A579441BB092E100D8885E /* Project object */ = {
			isa = PBXProject;
			attributes = {
				LastUpgradeCheck = 0700;
				ORGANIZATIONNAME = "Josh Smith";
				TargetAttributes = {
					A7A5794B1BB092E100D8885E = {
						CreatedOnToolsVersion = 7.0;
						DevelopmentTeam = H5NCGT79P6;
					};
					A7A5795F1BB092E100D8885E = {
						CreatedOnToolsVersion = 7.0;
						DevelopmentTeam = H5NCGT79P6;
						TestTargetID = A7A5794B1BB092E100D8885E;
					};
					A7A5796A1BB092E100D8885E = {
						CreatedOnToolsVersion = 7.0;
						DevelopmentTeam = H5NCGT79P6;
						TestTargetID = A7A5794B1BB092E100D8885E;
					};
				};
			};
			buildConfigurationList = A7A579471BB092E100D8885E /* Build configuration list for PBXProject "GroundGame" */;
			compatibilityVersion = "Xcode 3.2";
			developmentRegion = English;
			hasScannedForEncodings = 0;
			knownRegions = (
				en,
				Base,
			);
			mainGroup = A7A579431BB092E100D8885E;
			productRefGroup = A7A5794D1BB092E100D8885E /* Products */;
			projectDirPath = "";
			projectRoot = "";
			targets = (
				A7A5794B1BB092E100D8885E /* GroundGame */,
				A7A5795F1BB092E100D8885E /* GroundGameTests */,
				A7A5796A1BB092E100D8885E /* GroundGameUITests */,
			);
		};
/* End PBXProject section */

/* Begin PBXResourcesBuildPhase section */
		A7A5794A1BB092E100D8885E /* Resources */ = {
			isa = PBXResourcesBuildPhase;
			buildActionMask = 2147483647;
			files = (
				A7A579821BB2105E00D8885E /* Lato-Medium.ttf in Resources */,
				A7A579811BB2105E00D8885E /* Lato-Heavy.ttf in Resources */,
				A7A5795A1BB092E100D8885E /* LaunchScreen.storyboard in Resources */,
				A7A579551BB092E100D8885E /* Main.storyboard in Resources */,
				A76890341BC86AD0008F394C /* Assets.xcassets in Resources */,
				A7CC4E3F1BC35B410086831C /* Primaries.plist in Resources */,
			);
			runOnlyForDeploymentPostprocessing = 0;
		};
		A7A5795E1BB092E100D8885E /* Resources */ = {
			isa = PBXResourcesBuildPhase;
			buildActionMask = 2147483647;
			files = (
			);
			runOnlyForDeploymentPostprocessing = 0;
		};
		A7A579691BB092E100D8885E /* Resources */ = {
			isa = PBXResourcesBuildPhase;
			buildActionMask = 2147483647;
			files = (
			);
			runOnlyForDeploymentPostprocessing = 0;
		};
/* End PBXResourcesBuildPhase section */

/* Begin PBXShellScriptBuildPhase section */
		10139E6C0B2CDCFDBC6C1823 /* Check Pods Manifest.lock */ = {
			isa = PBXShellScriptBuildPhase;
			buildActionMask = 2147483647;
			files = (
			);
			inputPaths = (
			);
			name = "Check Pods Manifest.lock";
			outputPaths = (
			);
			runOnlyForDeploymentPostprocessing = 0;
			shellPath = /bin/sh;
			shellScript = "diff \"${PODS_ROOT}/../Podfile.lock\" \"${PODS_ROOT}/Manifest.lock\" > /dev/null\nif [[ $? != 0 ]] ; then\n    cat << EOM\nerror: The sandbox is not in sync with the Podfile.lock. Run 'pod install' or update your CocoaPods installation.\nEOM\n    exit 1\nfi\n";
			showEnvVarsInLog = 0;
		};
		763ABEC8DF2BA228CB194899 /* Embed Pods Frameworks */ = {
			isa = PBXShellScriptBuildPhase;
			buildActionMask = 2147483647;
			files = (
			);
			inputPaths = (
			);
			name = "Embed Pods Frameworks";
			outputPaths = (
			);
			runOnlyForDeploymentPostprocessing = 0;
			shellPath = /bin/sh;
			shellScript = "\"${SRCROOT}/Pods/Target Support Files/Pods/Pods-frameworks.sh\"\n";
			showEnvVarsInLog = 0;
		};
		E57C11B2C7F5767650378D3E /* Copy Pods Resources */ = {
			isa = PBXShellScriptBuildPhase;
			buildActionMask = 2147483647;
			files = (
			);
			inputPaths = (
			);
			name = "Copy Pods Resources";
			outputPaths = (
			);
			runOnlyForDeploymentPostprocessing = 0;
			shellPath = /bin/sh;
			shellScript = "\"${SRCROOT}/Pods/Target Support Files/Pods/Pods-resources.sh\"\n";
			showEnvVarsInLog = 0;
		};
/* End PBXShellScriptBuildPhase section */

/* Begin PBXSourcesBuildPhase section */
		A7A579481BB092E100D8885E /* Sources */ = {
			isa = PBXSourcesBuildPhase;
			buildActionMask = 2147483647;
			files = (
				A74FCE961BBB0A7C005C4D34 /* Session.swift in Sources */,
				A76ABA421BBC93C3007FA40B /* UIImage+Overlay.swift in Sources */,
				A775B9FA1BC3135800510924 /* ConversationTableViewController.swift in Sources */,
				A73D663F1BBEE87400127245 /* AddressService.swift in Sources */,
				A76ABA371BBB910E007FA40B /* PaddedTextField.swift in Sources */,
				A775B9F21BC1CBCC00510924 /* AddAddressTableViewController.swift in Sources */,
				A775B9EE1BC077E400510924 /* APIURL.swift in Sources */,
				A73D66411BBF36A900127245 /* AddressPinView.swift in Sources */,
				A7CC4E411BC364FE0086831C /* State.swift in Sources */,
				A768903C1BC87FAD008F394C /* AddPersonTableViewController.swift in Sources */,
				A768C1F31BBCA9B000DBDFEA /* TabBar.swift in Sources */,
				A775B9F41BC1D4B000510924 /* AddAddressContainerViewController.swift in Sources */,
				A768C1F61BBD18AF00DBDFEA /* KeychainWrapper.m in Sources */,
				A775B9F81BC2F8A600510924 /* ConversationTimerViewController.swift in Sources */,
				A73D663D1BBEE44000127245 /* Address.swift in Sources */,
				A76ABA3E1BBC8E92007FA40B /* TabBarViewController.swift in Sources */,
				A76890321BC8680E008F394C /* PersonTableViewCell.swift in Sources */,
				A768C1F81BBD21C800DBDFEA /* ProfileViewController.swift in Sources */,
				A7A5797E1BB20E5200D8885E /* PageContentViewController.swift in Sources */,
				A775B9F61BC1DA8200510924 /* AddAddressNavigationController.swift in Sources */,
				A76ABA441BBC9B7F007FA40B /* UIImage+Color.swift in Sources */,
				A750EA6D1BB9E73000D090F5 /* SignupViewController.swift in Sources */,
				A775B9F01BC0967D00510924 /* NSDate.swift in Sources */,
				A76ABA401BBC913A007FA40B /* Color.swift in Sources */,
				A768903E1BC88527008F394C /* AddPersonViewController.swift in Sources */,
				A750EA6F1BB9FC1400D090F5 /* OnboardingViewController.swift in Sources */,
				A74FCE9C1BBB3933005C4D34 /* UserService.swift in Sources */,
				A76890381BC8732D008F394C /* Person.swift in Sources */,
				A7D12D321BC99FC5005EB417 /* CanvasResponse.swift in Sources */,
				A74FCE941BBB081C005C4D34 /* HTTP.swift in Sources */,
				A7A579501BB092E100D8885E /* AppDelegate.swift in Sources */,
				A76890361BC86DD9008F394C /* ConversationTableHeaderView.swift in Sources */,
				A775B9EC1BC0692100510924 /* MKMapView.swift in Sources */,
				A74FCE9E1BBB3BFB005C4D34 /* API.swift in Sources */,
				A768C1F11BBCA62200DBDFEA /* CanvasViewController.swift in Sources */,
				A780A4D41BC863440090B979 /* BlueTableViewCell.swift in Sources */,
				A73D66431BBF373600127245 /* AddressPointAnnotation.swift in Sources */,
				A7A579841BB211F500D8885E /* PageViewController.swift in Sources */,
			);
			runOnlyForDeploymentPostprocessing = 0;
		};
		A7A5795C1BB092E100D8885E /* Sources */ = {
			isa = PBXSourcesBuildPhase;
			buildActionMask = 2147483647;
			files = (
				A775B9E81BC05A3900510924 /* CanvasViewController.swift in Sources */,
				A7A579651BB092E100D8885E /* GroundGameTests.swift in Sources */,
			);
			runOnlyForDeploymentPostprocessing = 0;
		};
		A7A579671BB092E100D8885E /* Sources */ = {
			isa = PBXSourcesBuildPhase;
			buildActionMask = 2147483647;
			files = (
				A7A579701BB092E100D8885E /* GroundGameUITests.swift in Sources */,
			);
			runOnlyForDeploymentPostprocessing = 0;
		};
/* End PBXSourcesBuildPhase section */

/* Begin PBXTargetDependency section */
		A7A579621BB092E100D8885E /* PBXTargetDependency */ = {
			isa = PBXTargetDependency;
			target = A7A5794B1BB092E100D8885E /* GroundGame */;
			targetProxy = A7A579611BB092E100D8885E /* PBXContainerItemProxy */;
		};
		A7A5796D1BB092E100D8885E /* PBXTargetDependency */ = {
			isa = PBXTargetDependency;
			target = A7A5794B1BB092E100D8885E /* GroundGame */;
			targetProxy = A7A5796C1BB092E100D8885E /* PBXContainerItemProxy */;
		};
/* End PBXTargetDependency section */

/* Begin PBXVariantGroup section */
		A7A579531BB092E100D8885E /* Main.storyboard */ = {
			isa = PBXVariantGroup;
			children = (
				A7A579541BB092E100D8885E /* Base */,
			);
			name = Main.storyboard;
			sourceTree = "<group>";
		};
		A7A579581BB092E100D8885E /* LaunchScreen.storyboard */ = {
			isa = PBXVariantGroup;
			children = (
				A7A579591BB092E100D8885E /* Base */,
			);
			name = LaunchScreen.storyboard;
			sourceTree = "<group>";
		};
/* End PBXVariantGroup section */

/* Begin XCBuildConfiguration section */
		A7A579721BB092E100D8885E /* Debug */ = {
			isa = XCBuildConfiguration;
			buildSettings = {
				ALWAYS_SEARCH_USER_PATHS = NO;
				CLANG_CXX_LANGUAGE_STANDARD = "gnu++0x";
				CLANG_CXX_LIBRARY = "libc++";
				CLANG_ENABLE_MODULES = YES;
				CLANG_ENABLE_OBJC_ARC = YES;
				CLANG_WARN_BOOL_CONVERSION = YES;
				CLANG_WARN_CONSTANT_CONVERSION = YES;
				CLANG_WARN_DIRECT_OBJC_ISA_USAGE = YES_ERROR;
				CLANG_WARN_EMPTY_BODY = YES;
				CLANG_WARN_ENUM_CONVERSION = YES;
				CLANG_WARN_INT_CONVERSION = YES;
				CLANG_WARN_OBJC_ROOT_CLASS = YES_ERROR;
				CLANG_WARN_UNREACHABLE_CODE = YES;
				CLANG_WARN__DUPLICATE_METHOD_MATCH = YES;
				"CODE_SIGN_IDENTITY[sdk=iphoneos*]" = "iPhone Developer";
				COPY_PHASE_STRIP = NO;
				DEBUG_INFORMATION_FORMAT = dwarf;
				ENABLE_STRICT_OBJC_MSGSEND = YES;
				ENABLE_TESTABILITY = YES;
				GCC_C_LANGUAGE_STANDARD = gnu99;
				GCC_DYNAMIC_NO_PIC = NO;
				GCC_NO_COMMON_BLOCKS = YES;
				GCC_OPTIMIZATION_LEVEL = 0;
				GCC_PREPROCESSOR_DEFINITIONS = (
					"DEBUG=1",
					"$(inherited)",
				);
				GCC_WARN_64_TO_32_BIT_CONVERSION = YES;
				GCC_WARN_ABOUT_RETURN_TYPE = YES_ERROR;
				GCC_WARN_UNDECLARED_SELECTOR = YES;
				GCC_WARN_UNINITIALIZED_AUTOS = YES_AGGRESSIVE;
				GCC_WARN_UNUSED_FUNCTION = YES;
				GCC_WARN_UNUSED_VARIABLE = YES;
				IPHONEOS_DEPLOYMENT_TARGET = 9.0;
				MTL_ENABLE_DEBUG_INFO = YES;
				ONLY_ACTIVE_ARCH = YES;
				SDKROOT = iphoneos;
				SWIFT_OPTIMIZATION_LEVEL = "-Onone";
			};
			name = Debug;
		};
		A7A579731BB092E100D8885E /* Release */ = {
			isa = XCBuildConfiguration;
			buildSettings = {
				ALWAYS_SEARCH_USER_PATHS = NO;
				CLANG_CXX_LANGUAGE_STANDARD = "gnu++0x";
				CLANG_CXX_LIBRARY = "libc++";
				CLANG_ENABLE_MODULES = YES;
				CLANG_ENABLE_OBJC_ARC = YES;
				CLANG_WARN_BOOL_CONVERSION = YES;
				CLANG_WARN_CONSTANT_CONVERSION = YES;
				CLANG_WARN_DIRECT_OBJC_ISA_USAGE = YES_ERROR;
				CLANG_WARN_EMPTY_BODY = YES;
				CLANG_WARN_ENUM_CONVERSION = YES;
				CLANG_WARN_INT_CONVERSION = YES;
				CLANG_WARN_OBJC_ROOT_CLASS = YES_ERROR;
				CLANG_WARN_UNREACHABLE_CODE = YES;
				CLANG_WARN__DUPLICATE_METHOD_MATCH = YES;
				"CODE_SIGN_IDENTITY[sdk=iphoneos*]" = "iPhone Developer";
				COPY_PHASE_STRIP = NO;
				DEBUG_INFORMATION_FORMAT = "dwarf-with-dsym";
				ENABLE_NS_ASSERTIONS = NO;
				ENABLE_STRICT_OBJC_MSGSEND = YES;
				GCC_C_LANGUAGE_STANDARD = gnu99;
				GCC_NO_COMMON_BLOCKS = YES;
				GCC_WARN_64_TO_32_BIT_CONVERSION = YES;
				GCC_WARN_ABOUT_RETURN_TYPE = YES_ERROR;
				GCC_WARN_UNDECLARED_SELECTOR = YES;
				GCC_WARN_UNINITIALIZED_AUTOS = YES_AGGRESSIVE;
				GCC_WARN_UNUSED_FUNCTION = YES;
				GCC_WARN_UNUSED_VARIABLE = YES;
				IPHONEOS_DEPLOYMENT_TARGET = 9.0;
				MTL_ENABLE_DEBUG_INFO = NO;
				SDKROOT = iphoneos;
				VALIDATE_PRODUCT = YES;
			};
			name = Release;
		};
		A7A579751BB092E100D8885E /* Debug */ = {
			isa = XCBuildConfiguration;
			baseConfigurationReference = B8F6BB2A414EA7D57834A66E /* Pods.debug.xcconfig */;
			buildSettings = {
				ASSETCATALOG_COMPILER_APPICON_NAME = AppIcon;
				INFOPLIST_FILE = GroundGame/Info.plist;
				IPHONEOS_DEPLOYMENT_TARGET = 8.0;
				LD_RUNPATH_SEARCH_PATHS = "$(inherited) @executable_path/Frameworks";
				PRODUCT_BUNDLE_IDENTIFIER = com.coderly.GroundGame;
				PRODUCT_NAME = "$(TARGET_NAME)";
				SWIFT_OBJC_BRIDGING_HEADER = GroundGame/FBSDKBridgingHeader.h;
			};
			name = Debug;
		};
		A7A579761BB092E100D8885E /* Release */ = {
			isa = XCBuildConfiguration;
			baseConfigurationReference = 50A2B029A7D297BFA4B3C786 /* Pods.release.xcconfig */;
			buildSettings = {
				ASSETCATALOG_COMPILER_APPICON_NAME = AppIcon;
				INFOPLIST_FILE = GroundGame/Info.plist;
				IPHONEOS_DEPLOYMENT_TARGET = 8.0;
				LD_RUNPATH_SEARCH_PATHS = "$(inherited) @executable_path/Frameworks";
				PRODUCT_BUNDLE_IDENTIFIER = com.coderly.GroundGame;
				PRODUCT_NAME = "$(TARGET_NAME)";
				SWIFT_OBJC_BRIDGING_HEADER = GroundGame/FBSDKBridgingHeader.h;
			};
			name = Release;
		};
		A7A579781BB092E100D8885E /* Debug */ = {
			isa = XCBuildConfiguration;
			buildSettings = {
				BUNDLE_LOADER = "$(TEST_HOST)";
				INFOPLIST_FILE = GroundGameTests/Info.plist;
				LD_RUNPATH_SEARCH_PATHS = "$(inherited) @executable_path/Frameworks @loader_path/Frameworks";
				PRODUCT_BUNDLE_IDENTIFIER = com.coderly.GroundGameTests;
				PRODUCT_NAME = "$(TARGET_NAME)";
				TEST_HOST = "$(BUILT_PRODUCTS_DIR)/GroundGame.app/GroundGame";
			};
			name = Debug;
		};
		A7A579791BB092E100D8885E /* Release */ = {
			isa = XCBuildConfiguration;
			buildSettings = {
				BUNDLE_LOADER = "$(TEST_HOST)";
				INFOPLIST_FILE = GroundGameTests/Info.plist;
				LD_RUNPATH_SEARCH_PATHS = "$(inherited) @executable_path/Frameworks @loader_path/Frameworks";
				PRODUCT_BUNDLE_IDENTIFIER = com.coderly.GroundGameTests;
				PRODUCT_NAME = "$(TARGET_NAME)";
				TEST_HOST = "$(BUILT_PRODUCTS_DIR)/GroundGame.app/GroundGame";
			};
			name = Release;
		};
		A7A5797B1BB092E100D8885E /* Debug */ = {
			isa = XCBuildConfiguration;
			buildSettings = {
				INFOPLIST_FILE = GroundGameUITests/Info.plist;
				LD_RUNPATH_SEARCH_PATHS = "$(inherited) @executable_path/Frameworks @loader_path/Frameworks";
				PRODUCT_BUNDLE_IDENTIFIER = com.coderly.GroundGameUITests;
				PRODUCT_NAME = "$(TARGET_NAME)";
				TEST_TARGET_NAME = GroundGame;
				USES_XCTRUNNER = YES;
			};
			name = Debug;
		};
		A7A5797C1BB092E100D8885E /* Release */ = {
			isa = XCBuildConfiguration;
			buildSettings = {
				INFOPLIST_FILE = GroundGameUITests/Info.plist;
				LD_RUNPATH_SEARCH_PATHS = "$(inherited) @executable_path/Frameworks @loader_path/Frameworks";
				PRODUCT_BUNDLE_IDENTIFIER = com.coderly.GroundGameUITests;
				PRODUCT_NAME = "$(TARGET_NAME)";
				TEST_TARGET_NAME = GroundGame;
				USES_XCTRUNNER = YES;
			};
			name = Release;
		};
/* End XCBuildConfiguration section */

/* Begin XCConfigurationList section */
		A7A579471BB092E100D8885E /* Build configuration list for PBXProject "GroundGame" */ = {
			isa = XCConfigurationList;
			buildConfigurations = (
				A7A579721BB092E100D8885E /* Debug */,
				A7A579731BB092E100D8885E /* Release */,
			);
			defaultConfigurationIsVisible = 0;
			defaultConfigurationName = Release;
		};
		A7A579741BB092E100D8885E /* Build configuration list for PBXNativeTarget "GroundGame" */ = {
			isa = XCConfigurationList;
			buildConfigurations = (
				A7A579751BB092E100D8885E /* Debug */,
				A7A579761BB092E100D8885E /* Release */,
			);
			defaultConfigurationIsVisible = 0;
			defaultConfigurationName = Release;
		};
		A7A579771BB092E100D8885E /* Build configuration list for PBXNativeTarget "GroundGameTests" */ = {
			isa = XCConfigurationList;
			buildConfigurations = (
				A7A579781BB092E100D8885E /* Debug */,
				A7A579791BB092E100D8885E /* Release */,
			);
			defaultConfigurationIsVisible = 0;
			defaultConfigurationName = Release;
		};
		A7A5797A1BB092E100D8885E /* Build configuration list for PBXNativeTarget "GroundGameUITests" */ = {
			isa = XCConfigurationList;
			buildConfigurations = (
				A7A5797B1BB092E100D8885E /* Debug */,
				A7A5797C1BB092E100D8885E /* Release */,
			);
			defaultConfigurationIsVisible = 0;
			defaultConfigurationName = Release;
		};
/* End XCConfigurationList section */
	};
	rootObject = A7A579441BB092E100D8885E /* Project object */;
}
